# THIS IS AN AUTOGENERATED FILE. DO NOT EDIT THIS FILE DIRECTLY.
# yarn lockfile v1


"@types/node@*":
  version "13.7.6"
  resolved "https://registry.yarnpkg.com/@types/node/-/node-13.7.6.tgz#cb734a7c191472ae6a2b3a502b4dfffcea974113"
  integrity sha512-eyK7MWD0R1HqVTp+PtwRgFeIsemzuj4gBFSQxfPHY5iMjS7474e5wq+VFgTcdpyHeNxyKSaetYAjdMLJlKoWqA==

"@types/ws@^7.2.2":
  version "7.2.2"
  resolved "https://registry.yarnpkg.com/@types/ws/-/ws-7.2.2.tgz#1bd2038bc80aea60f8a20b2dcf08602a72e65063"
  integrity sha512-oqnI3DbGCVI9zJ/WHdFo3CUE8jQ8CVQDUIKaDtlTcNeT4zs6UCg9Gvk5QrFx2QPkRszpM6yc8o0p4aGjCsTi+w==
  dependencies:
    "@types/node" "*"

ws@^7.4.6:
  version "7.4.6"
  resolved "https://registry.yarnpkg.com/ws/-/ws-7.4.6.tgz#5654ca8ecdeee47c33a9a4bf6d28e2be2980377c"
  integrity sha512-YmhHDO4MzaDLB+M9ym/mDA5z0naX8j7SIlT8f8z+I0VtzsRbekxEutHSme7NPS2qE8StCYQNUnfWdXta/Yu85A==
